
Microsoft Visual Studio Solution File, Format Version 12.00
# Visual Studio Version 16
VisualStudioVersion = 16.0.32802.440
MinimumVisualStudioVersion = 10.0.40219.1
Project("{FAE04EC0-301F-11D3-BF4B-00C04F79EFBC}") = "ChooseYourOwnAdventure++", "ChooseYourOwnAdventure++\ChooseYourOwnAdventure++.csproj", "{2C891BB1-7403-4EE1-A4D1-AF7F65124F42}"
EndProject
Global
	GlobalSection(SolutionConfigurationPlatforms) = preSolution
		Debug|Any CPU = Debug|Any CPU
		Release|Any CPU = Release|Any CPU
	EndGlobalSection
	GlobalSection(ProjectConfigurationPlatforms) = postSolution
		{2C891BB1-7403-4EE1-A4D1-AF7F65124F42}.Debug|Any CPU.ActiveCfg = Debug|Any CPU
		{2C891BB1-7403-4EE1-A4D1-AF7F65124F42}.Debug|Any CPU.Build.0 = Debug|Any CPU
		{2C891BB1-7403-4EE1-A4D1-AF7F65124F42}.Release|Any CPU.ActiveCfg = Release|Any CPU
		{2C891BB1-7403-4EE1-A4D1-AF7F65124F42}.Release|Any CPU.Build.0 = Release|Any CPU
	EndGlobalSection
	GlobalSection(SolutionProperties) = preSolution
		HideSolutionNode = FALSE
	EndGlobalSection
	GlobalSection(ExtensibilityGlobals) = postSolution
		SolutionGuid = {A89ADC51-1171-4C8D-B58F-4189E32F54E5}
	EndGlobalSection
EndGlobal
